
Microsoft Visual Studio Solution File, Format Version 12.00
# Visual Studio 15
Project("{FAE04EC0-301F-11D3-BF4B-00C04F79EFBC}") = "Tetris", "Assembly-CSharp.csproj", "{D2BFFF02-D087-DB1A-C7FE-6538A965A290}"
EndProject
Project("{FAE04EC0-301F-11D3-BF4B-00C04F79EFBC}") = "Tetris", "Assembly-CSharp-Editor.csproj", "{C5FAFF43-E2E9-1C6D-FF57-16A3584B2CDE}"
EndProject
Global
	GlobalSection(SolutionConfigurationPlatforms) = preSolution
		Debug|Any CPU = Debug|Any CPU
		Release|Any CPU = Release|Any CPU
	EndGlobalSection
	GlobalSection(ProjectConfigurationPlatforms) = postSolution
		{D2BFFF02-D087-DB1A-C7FE-6538A965A290}.Debug|Any CPU.ActiveCfg = Debug|Any CPU
		{D2BFFF02-D087-DB1A-C7FE-6538A965A290}.Debug|Any CPU.Build.0 = Debug|Any CPU
		{D2BFFF02-D087-DB1A-C7FE-6538A965A290}.Release|Any CPU.ActiveCfg = Release|Any CPU
		{D2BFFF02-D087-DB1A-C7FE-6538A965A290}.Release|Any CPU.Build.0 = Release|Any CPU
		{C5FAFF43-E2E9-1C6D-FF57-16A3584B2CDE}.Debug|Any CPU.ActiveCfg = Debug|Any CPU
		{C5FAFF43-E2E9-1C6D-FF57-16A3584B2CDE}.Debug|Any CPU.Build.0 = Debug|Any CPU
		{C5FAFF43-E2E9-1C6D-FF57-16A3584B2CDE}.Release|Any CPU.ActiveCfg = Release|Any CPU
		{C5FAFF43-E2E9-1C6D-FF57-16A3584B2CDE}.Release|Any CPU.Build.0 = Release|Any CPU
	EndGlobalSection
	GlobalSection(SolutionProperties) = preSolution
		HideSolutionNode = FALSE
	EndGlobalSection
EndGlobal
